// !$*UTF8*$!
{
	archiveVersion = 1;
	classes = {
	};
	objectVersion = 46;
	objects = {

/* Begin PBXBuildFile section */
		CD12CCFE1CCA8BDC00FB7970 /* ParseConvenience.swift in Sources */ = {isa = PBXBuildFile; fileRef = CD12CCFD1CCA8BDC00FB7970 /* ParseConvenience.swift */; };
		CD12CD021CCA8C8300FB7970 /* Student.swift in Sources */ = {isa = PBXBuildFile; fileRef = CD12CD011CCA8C8300FB7970 /* Student.swift */; };
		CD2115121CD535A200B605D4 /* CustomButton.swift in Sources */ = {isa = PBXBuildFile; fileRef = CD2115111CD535A200B605D4 /* CustomButton.swift */; };
		CD33BE501CCD354E00037051 /* MapTableViewController.swift in Sources */ = {isa = PBXBuildFile; fileRef = CD33BE4F1CCD354E00037051 /* MapTableViewController.swift */; };
		CD33BE541CCD67C400037051 /* MapTableViewCell.swift in Sources */ = {isa = PBXBuildFile; fileRef = CD33BE531CCD67C400037051 /* MapTableViewCell.swift */; };
		CD33BE561CD043D800037051 /* PostInfoViewController.swift in Sources */ = {isa = PBXBuildFile; fileRef = CD33BE551CD043D700037051 /* PostInfoViewController.swift */; };
		CD6E4A951CC3682800FFA988 /* AppDelegate.swift in Sources */ = {isa = PBXBuildFile; fileRef = CD6E4A941CC3682800FFA988 /* AppDelegate.swift */; };
		CD6E4A971CC3682800FFA988 /* LoginViewController.swift in Sources */ = {isa = PBXBuildFile; fileRef = CD6E4A961CC3682800FFA988 /* LoginViewController.swift */; };
		CD6E4A9A1CC3682800FFA988 /* Main.storyboard in Resources */ = {isa = PBXBuildFile; fileRef = CD6E4A981CC3682800FFA988 /* Main.storyboard */; };
		CD6E4A9C1CC3682900FFA988 /* Assets.xcassets in Resources */ = {isa = PBXBuildFile; fileRef = CD6E4A9B1CC3682900FFA988 /* Assets.xcassets */; };
		CD6E4A9F1CC3682900FFA988 /* LaunchScreen.storyboard in Resources */ = {isa = PBXBuildFile; fileRef = CD6E4A9D1CC3682900FFA988 /* LaunchScreen.storyboard */; };
		CD6E4AA71CC37B2C00FFA988 /* Constants.swift in Sources */ = {isa = PBXBuildFile; fileRef = CD6E4AA61CC37B2C00FFA988 /* Constants.swift */; };
		CDEBBF251CDD36FF00A3EDCE /* StudentsArray.swift in Sources */ = {isa = PBXBuildFile; fileRef = CDEBBF241CDD36FF00A3EDCE /* StudentsArray.swift */; };
		CDF480171CC4F81400895CB4 /* NetworkClient.swift in Sources */ = {isa = PBXBuildFile; fileRef = CDF480161CC4F81400895CB4 /* NetworkClient.swift */; };
		CDF480191CC5004500895CB4 /* GCDBlackBox.swift in Sources */ = {isa = PBXBuildFile; fileRef = CDF480181CC5004500895CB4 /* GCDBlackBox.swift */; };
		CDF4801B1CC5012400895CB4 /* UdacityConvenience.swift in Sources */ = {isa = PBXBuildFile; fileRef = CDF4801A1CC5012400895CB4 /* UdacityConvenience.swift */; };
		CDF4801F1CC94AFF00895CB4 /* MapViewController.swift in Sources */ = {isa = PBXBuildFile; fileRef = CDF4801E1CC94AFF00895CB4 /* MapViewController.swift */; };
/* End PBXBuildFile section */

/* Begin PBXFileReference section */
		CD12CCFD1CCA8BDC00FB7970 /* ParseConvenience.swift */ = {isa = PBXFileReference; fileEncoding = 4; lastKnownFileType = sourcecode.swift; path = ParseConvenience.swift; sourceTree = "<group>"; };
		CD12CD011CCA8C8300FB7970 /* Student.swift */ = {isa = PBXFileReference; fileEncoding = 4; lastKnownFileType = sourcecode.swift; path = Student.swift; sourceTree = "<group>"; };
		CD2115111CD535A200B605D4 /* CustomButton.swift */ = {isa = PBXFileReference; fileEncoding = 4; lastKnownFileType = sourcecode.swift; path = CustomButton.swift; sourceTree = "<group>"; };
		CD33BE4F1CCD354E00037051 /* MapTableViewController.swift */ = {isa = PBXFileReference; fileEncoding = 4; lastKnownFileType = sourcecode.swift; path = MapTableViewController.swift; sourceTree = "<group>"; };
		CD33BE531CCD67C400037051 /* MapTableViewCell.swift */ = {isa = PBXFileReference; fileEncoding = 4; lastKnownFileType = sourcecode.swift; path = MapTableViewCell.swift; sourceTree = "<group>"; };
		CD33BE551CD043D700037051 /* PostInfoViewController.swift */ = {isa = PBXFileReference; fileEncoding = 4; lastKnownFileType = sourcecode.swift; path = PostInfoViewController.swift; sourceTree = "<group>"; };
		CD6E4A911CC3682800FFA988 /* On The Map.app */ = {isa = PBXFileReference; explicitFileType = wrapper.application; includeInIndex = 0; path = "On The Map.app"; sourceTree = BUILT_PRODUCTS_DIR; };
		CD6E4A941CC3682800FFA988 /* AppDelegate.swift */ = {isa = PBXFileReference; lastKnownFileType = sourcecode.swift; path = AppDelegate.swift; sourceTree = "<group>"; };
		CD6E4A961CC3682800FFA988 /* LoginViewController.swift */ = {isa = PBXFileReference; lastKnownFileType = sourcecode.swift; path = LoginViewController.swift; sourceTree = "<group>"; };
		CD6E4A991CC3682800FFA988 /* Base */ = {isa = PBXFileReference; lastKnownFileType = file.storyboard; name = Base; path = Base.lproj/Main.storyboard; sourceTree = "<group>"; };
		CD6E4A9B1CC3682900FFA988 /* Assets.xcassets */ = {isa = PBXFileReference; lastKnownFileType = folder.assetcatalog; path = Assets.xcassets; sourceTree = "<group>"; };
		CD6E4A9E1CC3682900FFA988 /* Base */ = {isa = PBXFileReference; lastKnownFileType = file.storyboard; name = Base; path = Base.lproj/LaunchScreen.storyboard; sourceTree = "<group>"; };
		CD6E4AA01CC3682900FFA988 /* Info.plist */ = {isa = PBXFileReference; lastKnownFileType = text.plist.xml; path = Info.plist; sourceTree = "<group>"; };
		CD6E4AA61CC37B2C00FFA988 /* Constants.swift */ = {isa = PBXFileReference; fileEncoding = 4; lastKnownFileType = sourcecode.swift; path = Constants.swift; sourceTree = "<group>"; };
		CDEBBF241CDD36FF00A3EDCE /* StudentsArray.swift */ = {isa = PBXFileReference; fileEncoding = 4; lastKnownFileType = sourcecode.swift; path = StudentsArray.swift; sourceTree = "<group>"; };
		CDF480161CC4F81400895CB4 /* NetworkClient.swift */ = {isa = PBXFileReference; fileEncoding = 4; lastKnownFileType = sourcecode.swift; path = NetworkClient.swift; sourceTree = "<group>"; };
		CDF480181CC5004500895CB4 /* GCDBlackBox.swift */ = {isa = PBXFileReference; fileEncoding = 4; lastKnownFileType = sourcecode.swift; path = GCDBlackBox.swift; sourceTree = "<group>"; };
		CDF4801A1CC5012400895CB4 /* UdacityConvenience.swift */ = {isa = PBXFileReference; fileEncoding = 4; lastKnownFileType = sourcecode.swift; path = UdacityConvenience.swift; sourceTree = "<group>"; };
		CDF4801E1CC94AFF00895CB4 /* MapViewController.swift */ = {isa = PBXFileReference; fileEncoding = 4; lastKnownFileType = sourcecode.swift; path = MapViewController.swift; sourceTree = "<group>"; };
/* End PBXFileReference section */

/* Begin PBXFrameworksBuildPhase section */
		CD6E4A8E1CC3682800FFA988 /* Frameworks */ = {
			isa = PBXFrameworksBuildPhase;
			buildActionMask = 2147483647;
			files = (
			);
			runOnlyForDeploymentPostprocessing = 0;
		};
/* End PBXFrameworksBuildPhase section */

/* Begin PBXGroup section */
		CD33BE511CCD670600037051 /* Controller */ = {
			isa = PBXGroup;
			children = (
				CD6E4A961CC3682800FFA988 /* LoginViewController.swift */,
				CDF4801E1CC94AFF00895CB4 /* MapViewController.swift */,
				CD33BE4F1CCD354E00037051 /* MapTableViewController.swift */,
				CD33BE551CD043D700037051 /* PostInfoViewController.swift */,
			);
			name = Controller;
			sourceTree = "<group>";
		};
		CD33BE521CCD673300037051 /* View */ = {
			isa = PBXGroup;
			children = (
				CD33BE531CCD67C400037051 /* MapTableViewCell.swift */,
				CD2115111CD535A200B605D4 /* CustomButton.swift */,
			);
			name = View;
			sourceTree = "<group>";
		};
		CD6E4A881CC3682800FFA988 = {
			isa = PBXGroup;
			children = (
				CD6E4A931CC3682800FFA988 /* On The Map */,
				CD6E4A921CC3682800FFA988 /* Products */,
			);
			sourceTree = "<group>";
		};
		CD6E4A921CC3682800FFA988 /* Products */ = {
			isa = PBXGroup;
			children = (
				CD6E4A911CC3682800FFA988 /* On The Map.app */,
			);
			name = Products;
			sourceTree = "<group>";
		};
		CD6E4A931CC3682800FFA988 /* On The Map */ = {
			isa = PBXGroup;
			children = (
				CD33BE521CCD673300037051 /* View */,
				CD33BE511CCD670600037051 /* Controller */,
				CDF4801C1CC5020500895CB4 /* Model */,
				CD6E4AA61CC37B2C00FFA988 /* Constants.swift */,
				CD6E4A941CC3682800FFA988 /* AppDelegate.swift */,
				CD6E4A981CC3682800FFA988 /* Main.storyboard */,
				CD6E4A9B1CC3682900FFA988 /* Assets.xcassets */,
				CD6E4A9D1CC3682900FFA988 /* LaunchScreen.storyboard */,
				CD6E4AA01CC3682900FFA988 /* Info.plist */,
				CDF480181CC5004500895CB4 /* GCDBlackBox.swift */,
			);
			path = "On The Map";
			sourceTree = "<group>";
		};
		CDF4801C1CC5020500895CB4 /* Model */ = {
			isa = PBXGroup;
			children = (
				CDF4801D1CC5020D00895CB4 /* Client */,
				CD12CD011CCA8C8300FB7970 /* Student.swift */,
				CDEBBF241CDD36FF00A3EDCE /* StudentsArray.swift */,
			);
			name = Model;
			sourceTree = "<group>";
		};
		CDF4801D1CC5020D00895CB4 /* Client */ = {
			isa = PBXGroup;
			children = (
				CDF480161CC4F81400895CB4 /* NetworkClient.swift */,
				CDF4801A1CC5012400895CB4 /* UdacityConvenience.swift */,
				CD12CCFD1CCA8BDC00FB7970 /* ParseConvenience.swift */,
			);
			name = Client;
			sourceTree = "<group>";
		};
/* End PBXGroup section */

/* Begin PBXNativeTarget section */
		CD6E4A901CC3682800FFA988 /* On The Map */ = {
			isa = PBXNativeTarget;
			buildConfigurationList = CD6E4AA31CC3682900FFA988 /* Build configuration list for PBXNativeTarget "On The Map" */;
			buildPhases = (
				CD6E4A8D1CC3682800FFA988 /* Sources */,
				CD6E4A8E1CC3682800FFA988 /* Frameworks */,
				CD6E4A8F1CC3682800FFA988 /* Resources */,
			);
			buildRules = (
			);
			dependencies = (
			);
			name = "On The Map";
			productName = "On The Map";
			productReference = CD6E4A911CC3682800FFA988 /* On The Map.app */;
			productType = "com.apple.product-type.application";
		};
/* End PBXNativeTarget section */

/* Begin PBXProject section */
		CD6E4A891CC3682800FFA988 /* Project object */ = {
			isa = PBXProject;
			attributes = {
				LastSwiftUpdateCheck = 0730;
				LastUpgradeCheck = 0730;
				ORGANIZATIONNAME = appsathome;
				TargetAttributes = {
					CD6E4A901CC3682800FFA988 = {
						CreatedOnToolsVersion = 7.3;
						DevelopmentTeam = 8R3688592C;
					};
				};
			};
			buildConfigurationList = CD6E4A8C1CC3682800FFA988 /* Build configuration list for PBXProject "On The Map" */;
			compatibilityVersion = "Xcode 3.2";
			developmentRegion = English;
			hasScannedForEncodings = 0;
			knownRegions = (
				en,
				Base,
			);
			mainGroup = CD6E4A881CC3682800FFA988;
			productRefGroup = CD6E4A921CC3682800FFA988 /* Products */;
			projectDirPath = "";
			projectRoot = "";
			targets = (
				CD6E4A901CC3682800FFA988 /* On The Map */,
			);
		};
/* End PBXProject section */

/* Begin PBXResourcesBuildPhase section */
		CD6E4A8F1CC3682800FFA988 /* Resources */ = {
			isa = PBXResourcesBuildPhase;
			buildActionMask = 2147483647;
			files = (
				CD6E4A9F1CC3682900FFA988 /* LaunchScreen.storyboard in Resources */,
				CD6E4A9C1CC3682900FFA988 /* Assets.xcassets in Resources */,
				CD6E4A9A1CC3682800FFA988 /* Main.storyboard in Resources */,
			);
			runOnlyForDeploymentPostprocessing = 0;
		};
/* End PBXResourcesBuildPhase section */

/* Begin PBXSourcesBuildPhase section */
		CD6E4A8D1CC3682800FFA988 /* Sources */ = {
			isa = PBXSourcesBuildPhase;
			buildActionMask = 2147483647;
			files = (
				CD33BE561CD043D800037051 /* PostInfoViewController.swift in Sources */,
				CD6E4A971CC3682800FFA988 /* LoginViewController.swift in Sources */,
				CD12CCFE1CCA8BDC00FB7970 /* ParseConvenience.swift in Sources */,
				CD6E4A951CC3682800FFA988 /* AppDelegate.swift in Sources */,
				CD2115121CD535A200B605D4 /* CustomButton.swift in Sources */,
				CDEBBF251CDD36FF00A3EDCE /* StudentsArray.swift in Sources */,
				CD6E4AA71CC37B2C00FFA988 /* Constants.swift in Sources */,
				CD12CD021CCA8C8300FB7970 /* Student.swift in Sources */,
				CDF480171CC4F81400895CB4 /* NetworkClient.swift in Sources */,
				CD33BE541CCD67C400037051 /* MapTableViewCell.swift in Sources */,
				CDF480191CC5004500895CB4 /* GCDBlackBox.swift in Sources */,
				CDF4801B1CC5012400895CB4 /* UdacityConvenience.swift in Sources */,
				CD33BE501CCD354E00037051 /* MapTableViewController.swift in Sources */,
				CDF4801F1CC94AFF00895CB4 /* MapViewController.swift in Sources */,
			);
			runOnlyForDeploymentPostprocessing = 0;
		};
/* End PBXSourcesBuildPhase section */

/* Begin PBXVariantGroup section */
		CD6E4A981CC3682800FFA988 /* Main.storyboard */ = {
			isa = PBXVariantGroup;
			children = (
				CD6E4A991CC3682800FFA988 /* Base */,
			);
			name = Main.storyboard;
			sourceTree = "<group>";
		};
		CD6E4A9D1CC3682900FFA988 /* LaunchScreen.storyboard */ = {
			isa = PBXVariantGroup;
			children = (
				CD6E4A9E1CC3682900FFA988 /* Base */,
			);
			name = LaunchScreen.storyboard;
			sourceTree = "<group>";
		};
/* End PBXVariantGroup section */

/* Begin XCBuildConfiguration section */
		CD6E4AA11CC3682900FFA988 /* Debug */ = {
			isa = XCBuildConfiguration;
			buildSettings = {
				ALWAYS_SEARCH_USER_PATHS = NO;
				CLANG_ANALYZER_NONNULL = YES;
				CLANG_CXX_LANGUAGE_STANDARD = "gnu++0x";
				CLANG_CXX_LIBRARY = "libc++";
				CLANG_ENABLE_MODULES = YES;
				CLANG_ENABLE_OBJC_ARC = YES;
				CLANG_WARN_BOOL_CONVERSION = YES;
				CLANG_WARN_CONSTANT_CONVERSION = YES;
				CLANG_WARN_DIRECT_OBJC_ISA_USAGE = YES_ERROR;
				CLANG_WARN_EMPTY_BODY = YES;
				CLANG_WARN_ENUM_CONVERSION = YES;
				CLANG_WARN_INT_CONVERSION = YES;
				CLANG_WARN_OBJC_ROOT_CLASS = YES_ERROR;
				CLANG_WARN_UNREACHABLE_CODE = YES;
				CLANG_WARN__DUPLICATE_METHOD_MATCH = YES;
				"CODE_SIGN_IDENTITY[sdk=iphoneos*]" = "iPhone Developer";
				COPY_PHASE_STRIP = NO;
				DEBUG_INFORMATION_FORMAT = dwarf;
				ENABLE_STRICT_OBJC_MSGSEND = YES;
				ENABLE_TESTABILITY = YES;
				GCC_C_LANGUAGE_STANDARD = gnu99;
				GCC_DYNAMIC_NO_PIC = NO;
				GCC_NO_COMMON_BLOCKS = YES;
				GCC_OPTIMIZATION_LEVEL = 0;
				GCC_PREPROCESSOR_DEFINITIONS = (
					"DEBUG=1",
					"$(inherited)",
				);
				GCC_WARN_64_TO_32_BIT_CONVERSION = YES;
				GCC_WARN_ABOUT_RETURN_TYPE = YES_ERROR;
				GCC_WARN_UNDECLARED_SELECTOR = YES;
				GCC_WARN_UNINITIALIZED_AUTOS = YES_AGGRESSIVE;
				GCC_WARN_UNUSED_FUNCTION = YES;
				GCC_WARN_UNUSED_VARIABLE = YES;
				IPHONEOS_DEPLOYMENT_TARGET = 9.3;
				MTL_ENABLE_DEBUG_INFO = YES;
				ONLY_ACTIVE_ARCH = YES;
				SDKROOT = iphoneos;
				SWIFT_OPTIMIZATION_LEVEL = "-Onone";
				TARGETED_DEVICE_FAMILY = "1,2";
			};
			name = Debug;
		};
		CD6E4AA21CC3682900FFA988 /* Release */ = {
			isa = XCBuildConfiguration;
			buildSettings = {
				ALWAYS_SEARCH_USER_PATHS = NO;
				CLANG_ANALYZER_NONNULL = YES;
				CLANG_CXX_LANGUAGE_STANDARD = "gnu++0x";
				CLANG_CXX_LIBRARY = "libc++";
				CLANG_ENABLE_MODULES = YES;
				CLANG_ENABLE_OBJC_ARC = YES;
				CLANG_WARN_BOOL_CONVERSION = YES;
				CLANG_WARN_CONSTANT_CONVERSION = YES;
				CLANG_WARN_DIRECT_OBJC_ISA_USAGE = YES_ERROR;
				CLANG_WARN_EMPTY_BODY = YES;
				CLANG_WARN_ENUM_CONVERSION = YES;
				CLANG_WARN_INT_CONVERSION = YES;
				CLANG_WARN_OBJC_ROOT_CLASS = YES_ERROR;
				CLANG_WARN_UNREACHABLE_CODE = YES;
				CLANG_WARN__DUPLICATE_METHOD_MATCH = YES;
				"CODE_SIGN_IDENTITY[sdk=iphoneos*]" = "iPhone Developer";
				COPY_PHASE_STRIP = NO;
				DEBUG_INFORMATION_FORMAT = "dwarf-with-dsym";
				ENABLE_NS_ASSERTIONS = NO;
				ENABLE_STRICT_OBJC_MSGSEND = YES;
				GCC_C_LANGUAGE_STANDARD = gnu99;
				GCC_NO_COMMON_BLOCKS = YES;
				GCC_WARN_64_TO_32_BIT_CONVERSION = YES;
				GCC_WARN_ABOUT_RETURN_TYPE = YES_ERROR;
				GCC_WARN_UNDECLARED_SELECTOR = YES;
				GCC_WARN_UNINITIALIZED_AUTOS = YES_AGGRESSIVE;
				GCC_WARN_UNUSED_FUNCTION = YES;
				GCC_WARN_UNUSED_VARIABLE = YES;
				IPHONEOS_DEPLOYMENT_TARGET = 9.3;
				MTL_ENABLE_DEBUG_INFO = NO;
				SDKROOT = iphoneos;
				TARGETED_DEVICE_FAMILY = "1,2";
				VALIDATE_PRODUCT = YES;
			};
			name = Release;
		};
		CD6E4AA41CC3682900FFA988 /* Debug */ = {
			isa = XCBuildConfiguration;
			buildSettings = {
				ASSETCATALOG_COMPILER_APPICON_NAME = AppIcon;
				INFOPLIST_FILE = "On The Map/Info.plist";
				LD_RUNPATH_SEARCH_PATHS = "$(inherited) @executable_path/Frameworks";
				PRODUCT_BUNDLE_IDENTIFIER = "com.appsathome.On-The-Map";
				PRODUCT_NAME = "$(TARGET_NAME)";
			};
			name = Debug;
		};
		CD6E4AA51CC3682900FFA988 /* Release */ = {
			isa = XCBuildConfiguration;
			buildSettings = {
				ASSETCATALOG_COMPILER_APPICON_NAME = AppIcon;
				INFOPLIST_FILE = "On The Map/Info.plist";
				LD_RUNPATH_SEARCH_PATHS = "$(inherited) @executable_path/Frameworks";
				PRODUCT_BUNDLE_IDENTIFIER = "com.appsathome.On-The-Map";
				PRODUCT_NAME = "$(TARGET_NAME)";
			};
			name = Release;
		};
/* End XCBuildConfiguration section */

/* Begin XCConfigurationList section */
		CD6E4A8C1CC3682800FFA988 /* Build configuration list for PBXProject "On The Map" */ = {
			isa = XCConfigurationList;
			buildConfigurations = (
				CD6E4AA11CC3682900FFA988 /* Debug */,
				CD6E4AA21CC3682900FFA988 /* Release */,
			);
			defaultConfigurationIsVisible = 0;
			defaultConfigurationName = Release;
		};
		CD6E4AA31CC3682900FFA988 /* Build configuration list for PBXNativeTarget "On The Map" */ = {
			isa = XCConfigurationList;
			buildConfigurations = (
				CD6E4AA41CC3682900FFA988 /* Debug */,
				CD6E4AA51CC3682900FFA988 /* Release */,
			);
			defaultConfigurationIsVisible = 0;
			defaultConfigurationName = Release;
		};
/* End XCConfigurationList section */
	};
	rootObject = CD6E4A891CC3682800FFA988 /* Project object */;
}
